
Microsoft Visual Studio Solution File, Format Version 12.00
# Visual Studio 15
VisualStudioVersion = 15.0.26730.16
MinimumVisualStudioVersion = 10.0.40219.1
Project("{FAE04EC0-301F-11D3-BF4B-00C04F79EFBC}") = "TreasureMap", "TreasureMap.csproj", "{5B64F5DF-49EE-4A2F-A10B-0CC9B54E5B6E}"
EndProject
Global
	GlobalSection(SolutionConfigurationPlatforms) = preSolution
		Debug|Any CPU = Debug|Any CPU
		Release|Any CPU = Release|Any CPU
	EndGlobalSection
	GlobalSection(ProjectConfigurationPlatforms) = postSolution
		{5B64F5DF-49EE-4A2F-A10B-0CC9B54E5B6E}.Debug|Any CPU.ActiveCfg = Debug|Any CPU
		{5B64F5DF-49EE-4A2F-A10B-0CC9B54E5B6E}.Debug|Any CPU.Build.0 = Debug|Any CPU
		{5B64F5DF-49EE-4A2F-A10B-0CC9B54E5B6E}.Release|Any CPU.ActiveCfg = Release|Any CPU
		{5B64F5DF-49EE-4A2F-A10B-0CC9B54E5B6E}.Release|Any CPU.Build.0 = Release|Any CPU
	EndGlobalSection
	GlobalSection(SolutionProperties) = preSolution
		HideSolutionNode = FALSE
	EndGlobalSection
	GlobalSection(ExtensibilityGlobals) = postSolution
		SolutionGuid = {FA3A5C48-127D-485B-A6E6-80E98D0A9F5D}
	EndGlobalSection
EndGlobal
